// !$*UTF8*$!
{
	archiveVersion = 1;
	classes = {
	};
	objectVersion = 56;
	objects = {

/* Begin PBXBuildFile section */
		022C0BA02950998500474A7F /* AppDelegate.swift in Sources */ = {isa = PBXBuildFile; fileRef = 022C0B9F2950998500474A7F /* AppDelegate.swift */; };
		022C0BA22950998500474A7F /* SceneDelegate.swift in Sources */ = {isa = PBXBuildFile; fileRef = 022C0BA12950998500474A7F /* SceneDelegate.swift */; };
		022C0BA92950998700474A7F /* Assets.xcassets in Resources */ = {isa = PBXBuildFile; fileRef = 022C0BA82950998700474A7F /* Assets.xcassets */; };
		022C0BAC2950998700474A7F /* LaunchScreen.storyboard in Resources */ = {isa = PBXBuildFile; fileRef = 022C0BAA2950998700474A7F /* LaunchScreen.storyboard */; };
		022C0BB4295099DE00474A7F /* TabBarController.swift in Sources */ = {isa = PBXBuildFile; fileRef = 022C0BB3295099DE00474A7F /* TabBarController.swift */; };
		022C0BB629509D9700474A7F /* ContactListViewController.swift in Sources */ = {isa = PBXBuildFile; fileRef = 022C0BB529509D9700474A7F /* ContactListViewController.swift */; };
		022C0BB829509DFA00474A7F /* FavoriteContactsViewController.swift in Sources */ = {isa = PBXBuildFile; fileRef = 022C0BB729509DFA00474A7F /* FavoriteContactsViewController.swift */; };
		02EA233D29521B7800A36C5C /* Contact.swift in Sources */ = {isa = PBXBuildFile; fileRef = 02EA233C29521B7800A36C5C /* Contact.swift */; };
		02EA233F29521F3E00A36C5C /* ContactListTableViewCell.swift in Sources */ = {isa = PBXBuildFile; fileRef = 02EA233E29521F3E00A36C5C /* ContactListTableViewCell.swift */; };
		02EA234129521F9B00A36C5C /* CircleImageView.swift in Sources */ = {isa = PBXBuildFile; fileRef = 02EA234029521F9B00A36C5C /* CircleImageView.swift */; };
		02EA2345295355A600A36C5C /* DetailContactViewController.swift in Sources */ = {isa = PBXBuildFile; fileRef = 02EA2344295355A600A36C5C /* DetailContactViewController.swift */; };
		02EA23492954BC0600A36C5C /* Storage.swift in Sources */ = {isa = PBXBuildFile; fileRef = 02EA23482954BC0600A36C5C /* Storage.swift */; };
		02EA234F2958CB4600A36C5C /* Localizable.strings in Resources */ = {isa = PBXBuildFile; fileRef = 02EA23512958CB4600A36C5C /* Localizable.strings */; };
/* End PBXBuildFile section */

/* Begin PBXFileReference section */
		022C0B9C2950998500474A7F /* Lesson 3.app */ = {isa = PBXFileReference; explicitFileType = wrapper.application; includeInIndex = 0; path = "Lesson 3.app"; sourceTree = BUILT_PRODUCTS_DIR; };
		022C0B9F2950998500474A7F /* AppDelegate.swift */ = {isa = PBXFileReference; lastKnownFileType = sourcecode.swift; path = AppDelegate.swift; sourceTree = "<group>"; };
		022C0BA12950998500474A7F /* SceneDelegate.swift */ = {isa = PBXFileReference; lastKnownFileType = sourcecode.swift; path = SceneDelegate.swift; sourceTree = "<group>"; };
		022C0BA82950998700474A7F /* Assets.xcassets */ = {isa = PBXFileReference; lastKnownFileType = folder.assetcatalog; path = Assets.xcassets; sourceTree = "<group>"; };
		022C0BAB2950998700474A7F /* Base */ = {isa = PBXFileReference; lastKnownFileType = file.storyboard; name = Base; path = Base.lproj/LaunchScreen.storyboard; sourceTree = "<group>"; };
		022C0BAD2950998700474A7F /* Info.plist */ = {isa = PBXFileReference; lastKnownFileType = text.plist.xml; path = Info.plist; sourceTree = "<group>"; };
		022C0BB3295099DE00474A7F /* TabBarController.swift */ = {isa = PBXFileReference; lastKnownFileType = sourcecode.swift; path = TabBarController.swift; sourceTree = "<group>"; };
		022C0BB529509D9700474A7F /* ContactListViewController.swift */ = {isa = PBXFileReference; lastKnownFileType = sourcecode.swift; path = ContactListViewController.swift; sourceTree = "<group>"; };
		022C0BB729509DFA00474A7F /* FavoriteContactsViewController.swift */ = {isa = PBXFileReference; lastKnownFileType = sourcecode.swift; path = FavoriteContactsViewController.swift; sourceTree = "<group>"; };
		02EA233C29521B7800A36C5C /* Contact.swift */ = {isa = PBXFileReference; lastKnownFileType = sourcecode.swift; path = Contact.swift; sourceTree = "<group>"; };
		02EA233E29521F3E00A36C5C /* ContactListTableViewCell.swift */ = {isa = PBXFileReference; lastKnownFileType = sourcecode.swift; path = ContactListTableViewCell.swift; sourceTree = "<group>"; };
		02EA234029521F9B00A36C5C /* CircleImageView.swift */ = {isa = PBXFileReference; lastKnownFileType = sourcecode.swift; path = CircleImageView.swift; sourceTree = "<group>"; };
		02EA2344295355A600A36C5C /* DetailContactViewController.swift */ = {isa = PBXFileReference; lastKnownFileType = sourcecode.swift; path = DetailContactViewController.swift; sourceTree = "<group>"; };
		02EA23482954BC0600A36C5C /* Storage.swift */ = {isa = PBXFileReference; lastKnownFileType = sourcecode.swift; path = Storage.swift; sourceTree = "<group>"; };
		02EA234C2958CB3200A36C5C /* ru */ = {isa = PBXFileReference; lastKnownFileType = text.plist.strings; name = ru; path = ru.lproj/LaunchScreen.strings; sourceTree = "<group>"; };
		02EA23502958CB4600A36C5C /* en */ = {isa = PBXFileReference; lastKnownFileType = text.plist.strings; name = en; path = en.lproj/Localizable.strings; sourceTree = "<group>"; };
		02EA23522958CB4900A36C5C /* ru */ = {isa = PBXFileReference; lastKnownFileType = text.plist.strings; name = ru; path = ru.lproj/Localizable.strings; sourceTree = "<group>"; };
/* End PBXFileReference section */

/* Begin PBXFrameworksBuildPhase section */
		022C0B992950998500474A7F /* Frameworks */ = {
			isa = PBXFrameworksBuildPhase;
			buildActionMask = 2147483647;
			files = (
			);
			runOnlyForDeploymentPostprocessing = 0;
		};
/* End PBXFrameworksBuildPhase section */

/* Begin PBXGroup section */
		022C0B932950998500474A7F = {
			isa = PBXGroup;
			children = (
				022C0B9E2950998500474A7F /* Lesson 3 */,
				022C0B9D2950998500474A7F /* Products */,
			);
			sourceTree = "<group>";
		};
		022C0B9D2950998500474A7F /* Products */ = {
			isa = PBXGroup;
			children = (
				022C0B9C2950998500474A7F /* Lesson 3.app */,
			);
			name = Products;
			sourceTree = "<group>";
		};
		022C0B9E2950998500474A7F /* Lesson 3 */ = {
			isa = PBXGroup;
			children = (
				022C0B9F2950998500474A7F /* AppDelegate.swift */,
				022C0BA12950998500474A7F /* SceneDelegate.swift */,
				02EA23542958E8ED00A36C5C /* Models */,
				02EA234A2954BD7600A36C5C /* Views */,
				02EA234B2954BF2700A36C5C /* Controllers */,
				022C0BA82950998700474A7F /* Assets.xcassets */,
				02EA23512958CB4600A36C5C /* Localizable.strings */,
				022C0BAA2950998700474A7F /* LaunchScreen.storyboard */,
				022C0BAD2950998700474A7F /* Info.plist */,
			);
			path = "Lesson 3";
			sourceTree = "<group>";
		};
		02EA234A2954BD7600A36C5C /* Views */ = {
			isa = PBXGroup;
			children = (
				02EA233E29521F3E00A36C5C /* ContactListTableViewCell.swift */,
				02EA234029521F9B00A36C5C /* CircleImageView.swift */,
			);
			path = Views;
			sourceTree = "<group>";
		};
		02EA234B2954BF2700A36C5C /* Controllers */ = {
			isa = PBXGroup;
			children = (
				022C0BB529509D9700474A7F /* ContactListViewController.swift */,
				02EA2344295355A600A36C5C /* DetailContactViewController.swift */,
				022C0BB729509DFA00474A7F /* FavoriteContactsViewController.swift */,
				022C0BB3295099DE00474A7F /* TabBarController.swift */,
			);
			path = Controllers;
			sourceTree = "<group>";
		};
		02EA23542958E8ED00A36C5C /* Models */ = {
			isa = PBXGroup;
			children = (
				02EA23482954BC0600A36C5C /* Storage.swift */,
				02EA233C29521B7800A36C5C /* Contact.swift */,
			);
			path = Models;
			sourceTree = "<group>";
		};
/* End PBXGroup section */

/* Begin PBXNativeTarget section */
		022C0B9B2950998500474A7F /* Lesson 3 */ = {
			isa = PBXNativeTarget;
			buildConfigurationList = 022C0BB02950998700474A7F /* Build configuration list for PBXNativeTarget "Lesson 3" */;
			buildPhases = (
				02EA235529596D4400A36C5C /* ShellScript */,
				022C0B982950998500474A7F /* Sources */,
				022C0B992950998500474A7F /* Frameworks */,
				022C0B9A2950998500474A7F /* Resources */,
			);
			buildRules = (
			);
			dependencies = (
			);
			name = "Lesson 3";
			productName = "Lesson 3";
			productReference = 022C0B9C2950998500474A7F /* Lesson 3.app */;
			productType = "com.apple.product-type.application";
		};
/* End PBXNativeTarget section */

/* Begin PBXProject section */
		022C0B942950998500474A7F /* Project object */ = {
			isa = PBXProject;
			attributes = {
				BuildIndependentTargetsInParallel = 1;
				LastSwiftUpdateCheck = 1410;
				LastUpgradeCheck = 1410;
				TargetAttributes = {
					022C0B9B2950998500474A7F = {
						CreatedOnToolsVersion = 14.1;
					};
				};
			};
			buildConfigurationList = 022C0B972950998500474A7F /* Build configuration list for PBXProject "Lesson 3" */;
			compatibilityVersion = "Xcode 14.0";
			developmentRegion = en;
			hasScannedForEncodings = 0;
			knownRegions = (
				en,
				Base,
				ru,
			);
			mainGroup = 022C0B932950998500474A7F;
			productRefGroup = 022C0B9D2950998500474A7F /* Products */;
			projectDirPath = "";
			projectRoot = "";
			targets = (
				022C0B9B2950998500474A7F /* Lesson 3 */,
			);
		};
/* End PBXProject section */

/* Begin PBXResourcesBuildPhase section */
		022C0B9A2950998500474A7F /* Resources */ = {
			isa = PBXResourcesBuildPhase;
			buildActionMask = 2147483647;
			files = (
				022C0BAC2950998700474A7F /* LaunchScreen.storyboard in Resources */,
				02EA234F2958CB4600A36C5C /* Localizable.strings in Resources */,
				022C0BA92950998700474A7F /* Assets.xcassets in Resources */,
			);
			runOnlyForDeploymentPostprocessing = 0;
		};
/* End PBXResourcesBuildPhase section */

/* Begin PBXShellScriptBuildPhase section */
		02EA235529596D4400A36C5C /* ShellScript */ = {
			isa = PBXShellScriptBuildPhase;
			alwaysOutOfDate = 1;
			buildActionMask = 2147483647;
			files = (
			);
			inputFileListPaths = (
			);
			inputPaths = (
			);
			outputFileListPaths = (
			);
			outputPaths = (
			);
			runOnlyForDeploymentPostprocessing = 0;
			shellPath = /bin/sh;
			shellScript = "# Type a script or drag a script file from your workspace to insert its path.\nexport PATH=\"$PATH:/opt/homebrew/bin\"\nif which swiftlint > /dev/null; then\n  swiftlint\nelse\n  echo \"warning: SwiftLint not installed, download from https://github.com/realm/SwiftLint\"\nfi\n";
		};
/* End PBXShellScriptBuildPhase section */

/* Begin PBXSourcesBuildPhase section */
		022C0B982950998500474A7F /* Sources */ = {
			isa = PBXSourcesBuildPhase;
			buildActionMask = 2147483647;
			files = (
				02EA234129521F9B00A36C5C /* CircleImageView.swift in Sources */,
				02EA23492954BC0600A36C5C /* Storage.swift in Sources */,
				02EA233D29521B7800A36C5C /* Contact.swift in Sources */,
				022C0BB829509DFA00474A7F /* FavoriteContactsViewController.swift in Sources */,
				022C0BB629509D9700474A7F /* ContactListViewController.swift in Sources */,
				02EA2345295355A600A36C5C /* DetailContactViewController.swift in Sources */,
				022C0BB4295099DE00474A7F /* TabBarController.swift in Sources */,
				022C0BA02950998500474A7F /* AppDelegate.swift in Sources */,
				022C0BA22950998500474A7F /* SceneDelegate.swift in Sources */,
				02EA233F29521F3E00A36C5C /* ContactListTableViewCell.swift in Sources */,
			);
			runOnlyForDeploymentPostprocessing = 0;
		};
/* End PBXSourcesBuildPhase section */

/* Begin PBXVariantGroup section */
		022C0BAA2950998700474A7F /* LaunchScreen.storyboard */ = {
			isa = PBXVariantGroup;
			children = (
				022C0BAB2950998700474A7F /* Base */,
				02EA234C2958CB3200A36C5C /* ru */,
			);
			name = LaunchScreen.storyboard;
			sourceTree = "<group>";
		};
		02EA23512958CB4600A36C5C /* Localizable.strings */ = {
			isa = PBXVariantGroup;
			children = (
				02EA23502958CB4600A36C5C /* en */,
				02EA23522958CB4900A36C5C /* ru */,
			);
			name = Localizable.strings;
			sourceTree = "<group>";
		};
/* End PBXVariantGroup section */

/* Begin XCBuildConfiguration section */
		022C0BAE2950998700474A7F /* Debug */ = {
			isa = XCBuildConfiguration;
			buildSettings = {
				ALWAYS_SEARCH_USER_PATHS = NO;
				CLANG_ANALYZER_LOCALIZABILITY_NONLOCALIZED = YES;
				CLANG_ANALYZER_NONNULL = YES;
				CLANG_ANALYZER_NUMBER_OBJECT_CONVERSION = YES_AGGRESSIVE;
				CLANG_CXX_LANGUAGE_STANDARD = "gnu++20";
				CLANG_ENABLE_MODULES = YES;
				CLANG_ENABLE_OBJC_ARC = YES;
				CLANG_ENABLE_OBJC_WEAK = YES;
				CLANG_WARN_BLOCK_CAPTURE_AUTORELEASING = YES;
				CLANG_WARN_BOOL_CONVERSION = YES;
				CLANG_WARN_COMMA = YES;
				CLANG_WARN_CONSTANT_CONVERSION = YES;
				CLANG_WARN_DEPRECATED_OBJC_IMPLEMENTATIONS = YES;
				CLANG_WARN_DIRECT_OBJC_ISA_USAGE = YES_ERROR;
				CLANG_WARN_DOCUMENTATION_COMMENTS = YES;
				CLANG_WARN_EMPTY_BODY = YES;
				CLANG_WARN_ENUM_CONVERSION = YES;
				CLANG_WARN_INFINITE_RECURSION = YES;
				CLANG_WARN_INT_CONVERSION = YES;
				CLANG_WARN_NON_LITERAL_NULL_CONVERSION = YES;
				CLANG_WARN_OBJC_IMPLICIT_RETAIN_SELF = YES;
				CLANG_WARN_OBJC_LITERAL_CONVERSION = YES;
				CLANG_WARN_OBJC_ROOT_CLASS = YES_ERROR;
				CLANG_WARN_QUOTED_INCLUDE_IN_FRAMEWORK_HEADER = YES;
				CLANG_WARN_RANGE_LOOP_ANALYSIS = YES;
				CLANG_WARN_STRICT_PROTOTYPES = YES;
				CLANG_WARN_SUSPICIOUS_MOVE = YES;
				CLANG_WARN_UNGUARDED_AVAILABILITY = YES_AGGRESSIVE;
				CLANG_WARN_UNREACHABLE_CODE = YES;
				CLANG_WARN__DUPLICATE_METHOD_MATCH = YES;
				COPY_PHASE_STRIP = NO;
				DEBUG_INFORMATION_FORMAT = dwarf;
				ENABLE_STRICT_OBJC_MSGSEND = YES;
				ENABLE_TESTABILITY = YES;
				GCC_C_LANGUAGE_STANDARD = gnu11;
				GCC_DYNAMIC_NO_PIC = NO;
				GCC_NO_COMMON_BLOCKS = YES;
				GCC_OPTIMIZATION_LEVEL = 0;
				GCC_PREPROCESSOR_DEFINITIONS = (
					"DEBUG=1",
					"$(inherited)",
				);
				GCC_WARN_64_TO_32_BIT_CONVERSION = YES;
				GCC_WARN_ABOUT_RETURN_TYPE = YES_ERROR;
				GCC_WARN_UNDECLARED_SELECTOR = YES;
				GCC_WARN_UNINITIALIZED_AUTOS = YES_AGGRESSIVE;
				GCC_WARN_UNUSED_FUNCTION = YES;
				GCC_WARN_UNUSED_VARIABLE = YES;
				IPHONEOS_DEPLOYMENT_TARGET = 16.0;
				MTL_ENABLE_DEBUG_INFO = INCLUDE_SOURCE;
				MTL_FAST_MATH = YES;
				ONLY_ACTIVE_ARCH = YES;
				SDKROOT = iphoneos;
				SWIFT_ACTIVE_COMPILATION_CONDITIONS = DEBUG;
				SWIFT_OPTIMIZATION_LEVEL = "-Onone";
			};
			name = Debug;
		};
		022C0BAF2950998700474A7F /* Release */ = {
			isa = XCBuildConfiguration;
			buildSettings = {
				ALWAYS_SEARCH_USER_PATHS = NO;
				CLANG_ANALYZER_LOCALIZABILITY_NONLOCALIZED = YES;
				CLANG_ANALYZER_NONNULL = YES;
				CLANG_ANALYZER_NUMBER_OBJECT_CONVERSION = YES_AGGRESSIVE;
				CLANG_CXX_LANGUAGE_STANDARD = "gnu++20";
				CLANG_ENABLE_MODULES = YES;
				CLANG_ENABLE_OBJC_ARC = YES;
				CLANG_ENABLE_OBJC_WEAK = YES;
				CLANG_WARN_BLOCK_CAPTURE_AUTORELEASING = YES;
				CLANG_WARN_BOOL_CONVERSION = YES;
				CLANG_WARN_COMMA = YES;
				CLANG_WARN_CONSTANT_CONVERSION = YES;
				CLANG_WARN_DEPRECATED_OBJC_IMPLEMENTATIONS = YES;
				CLANG_WARN_DIRECT_OBJC_ISA_USAGE = YES_ERROR;
				CLANG_WARN_DOCUMENTATION_COMMENTS = YES;
				CLANG_WARN_EMPTY_BODY = YES;
				CLANG_WARN_ENUM_CONVERSION = YES;
				CLANG_WARN_INFINITE_RECURSION = YES;
				CLANG_WARN_INT_CONVERSION = YES;
				CLANG_WARN_NON_LITERAL_NULL_CONVERSION = YES;
				CLANG_WARN_OBJC_IMPLICIT_RETAIN_SELF = YES;
				CLANG_WARN_OBJC_LITERAL_CONVERSION = YES;
				CLANG_WARN_OBJC_ROOT_CLASS = YES_ERROR;
				CLANG_WARN_QUOTED_INCLUDE_IN_FRAMEWORK_HEADER = YES;
				CLANG_WARN_RANGE_LOOP_ANALYSIS = YES;
				CLANG_WARN_STRICT_PROTOTYPES = YES;
				CLANG_WARN_SUSPICIOUS_MOVE = YES;
				CLANG_WARN_UNGUARDED_AVAILABILITY = YES_AGGRESSIVE;
				CLANG_WARN_UNREACHABLE_CODE = YES;
				CLANG_WARN__DUPLICATE_METHOD_MATCH = YES;
				COPY_PHASE_STRIP = NO;
				DEBUG_INFORMATION_FORMAT = "dwarf-with-dsym";
				ENABLE_NS_ASSERTIONS = NO;
				ENABLE_STRICT_OBJC_MSGSEND = YES;
				GCC_C_LANGUAGE_STANDARD = gnu11;
				GCC_NO_COMMON_BLOCKS = YES;
				GCC_WARN_64_TO_32_BIT_CONVERSION = YES;
				GCC_WARN_ABOUT_RETURN_TYPE = YES_ERROR;
				GCC_WARN_UNDECLARED_SELECTOR = YES;
				GCC_WARN_UNINITIALIZED_AUTOS = YES_AGGRESSIVE;
				GCC_WARN_UNUSED_FUNCTION = YES;
				GCC_WARN_UNUSED_VARIABLE = YES;
				IPHONEOS_DEPLOYMENT_TARGET = 16.0;
				MTL_ENABLE_DEBUG_INFO = NO;
				MTL_FAST_MATH = YES;
				SDKROOT = iphoneos;
				SWIFT_COMPILATION_MODE = wholemodule;
				SWIFT_OPTIMIZATION_LEVEL = "-O";
				VALIDATE_PRODUCT = YES;
			};
			name = Release;
		};
		022C0BB12950998700474A7F /* Debug */ = {
			isa = XCBuildConfiguration;
			buildSettings = {
				ASSETCATALOG_COMPILER_APPICON_NAME = AppIcon;
				ASSETCATALOG_COMPILER_GLOBAL_ACCENT_COLOR_NAME = AccentColor;
				CODE_SIGN_STYLE = Automatic;
				CURRENT_PROJECT_VERSION = 1;
				DEVELOPMENT_TEAM = 3WCYJPR9TJ;
				GENERATE_INFOPLIST_FILE = YES;
				INFOPLIST_FILE = "Lesson 3/Info.plist";
				INFOPLIST_KEY_UIApplicationSupportsIndirectInputEvents = YES;
				INFOPLIST_KEY_UILaunchStoryboardName = LaunchScreen;
				INFOPLIST_KEY_UISupportedInterfaceOrientations_iPad = "UIInterfaceOrientationPortrait UIInterfaceOrientationPortraitUpsideDown UIInterfaceOrientationLandscapeLeft UIInterfaceOrientationLandscapeRight";
				INFOPLIST_KEY_UISupportedInterfaceOrientations_iPhone = "UIInterfaceOrientationPortrait UIInterfaceOrientationLandscapeLeft UIInterfaceOrientationLandscapeRight";
				LD_RUNPATH_SEARCH_PATHS = (
					"$(inherited)",
					"@executable_path/Frameworks",
				);
				MARKETING_VERSION = 1.0;
				PRODUCT_BUNDLE_IDENTIFIER = "clevertec.kovaleva.Lesson-3";
				PRODUCT_NAME = "$(TARGET_NAME)";
				SWIFT_EMIT_LOC_STRINGS = YES;
				SWIFT_VERSION = 5.0;
				TARGETED_DEVICE_FAMILY = "1,2";
			};
			name = Debug;
		};
		022C0BB22950998700474A7F /* Release */ = {
			isa = XCBuildConfiguration;
			buildSettings = {
				ASSETCATALOG_COMPILER_APPICON_NAME = AppIcon;
				ASSETCATALOG_COMPILER_GLOBAL_ACCENT_COLOR_NAME = AccentColor;
				CODE_SIGN_STYLE = Automatic;
				CURRENT_PROJECT_VERSION = 1;
				DEVELOPMENT_TEAM = 3WCYJPR9TJ;
				GENERATE_INFOPLIST_FILE = YES;
				INFOPLIST_FILE = "Lesson 3/Info.plist";
				INFOPLIST_KEY_UIApplicationSupportsIndirectInputEvents = YES;
				INFOPLIST_KEY_UILaunchStoryboardName = LaunchScreen;
				INFOPLIST_KEY_UISupportedInterfaceOrientations_iPad = "UIInterfaceOrientationPortrait UIInterfaceOrientationPortraitUpsideDown UIInterfaceOrientationLandscapeLeft UIInterfaceOrientationLandscapeRight";
				INFOPLIST_KEY_UISupportedInterfaceOrientations_iPhone = "UIInterfaceOrientationPortrait UIInterfaceOrientationLandscapeLeft UIInterfaceOrientationLandscapeRight";
				LD_RUNPATH_SEARCH_PATHS = (
					"$(inherited)",
					"@executable_path/Frameworks",
				);
				MARKETING_VERSION = 1.0;
				PRODUCT_BUNDLE_IDENTIFIER = "clevertec.kovaleva.Lesson-3";
				PRODUCT_NAME = "$(TARGET_NAME)";
				SWIFT_EMIT_LOC_STRINGS = YES;
				SWIFT_VERSION = 5.0;
				TARGETED_DEVICE_FAMILY = "1,2";
			};
			name = Release;
		};
/* End XCBuildConfiguration section */

/* Begin XCConfigurationList section */
		022C0B972950998500474A7F /* Build configuration list for PBXProject "Lesson 3" */ = {
			isa = XCConfigurationList;
			buildConfigurations = (
				022C0BAE2950998700474A7F /* Debug */,
				022C0BAF2950998700474A7F /* Release */,
			);
			defaultConfigurationIsVisible = 0;
			defaultConfigurationName = Release;
		};
		022C0BB02950998700474A7F /* Build configuration list for PBXNativeTarget "Lesson 3" */ = {
			isa = XCConfigurationList;
			buildConfigurations = (
				022C0BB12950998700474A7F /* Debug */,
				022C0BB22950998700474A7F /* Release */,
			);
			defaultConfigurationIsVisible = 0;
			defaultConfigurationName = Release;
		};
/* End XCConfigurationList section */
	};
	rootObject = 022C0B942950998500474A7F /* Project object */;
}
